
Microsoft Visual Studio Solution File, Format Version 12.00
# Visual Studio Version 17
VisualStudioVersion = 17.14.36915.13 d17.14
MinimumVisualStudioVersion = 10.0.40219.1
Project("{FAE04EC0-301F-11D3-BF4B-00C04F79EFBC}") = "foundry103V1", "foundry103V1\foundry103V1.csproj", "{3DFD2E2F-8E95-4023-89AE-0A06E883CB49}"
EndProject
Global
	GlobalSection(SolutionConfigurationPlatforms) = preSolution
		Debug|Any CPU = Debug|Any CPU
		Release|Any CPU = Release|Any CPU
	EndGlobalSection
	GlobalSection(ProjectConfigurationPlatforms) = postSolution
		{3DFD2E2F-8E95-4023-89AE-0A06E883CB49}.Debug|Any CPU.ActiveCfg = Debug|Any CPU
		{3DFD2E2F-8E95-4023-89AE-0A06E883CB49}.Debug|Any CPU.Build.0 = Debug|Any CPU
		{3DFD2E2F-8E95-4023-89AE-0A06E883CB49}.Release|Any CPU.ActiveCfg = Release|Any CPU
		{3DFD2E2F-8E95-4023-89AE-0A06E883CB49}.Release|Any CPU.Build.0 = Release|Any CPU
	EndGlobalSection
	GlobalSection(SolutionProperties) = preSolution
		HideSolutionNode = FALSE
	EndGlobalSection
	GlobalSection(ExtensibilityGlobals) = postSolution
		SolutionGuid = {F95BE472-F23D-4946-8D04-EC96AAE1F30D}
	EndGlobalSection
EndGlobal
